{
  "name": "fashioncamp-api-test",
  "version": "1.0.0",
  "lockfileVersion": 3,
  "requires": true,
  "packages": {
    "": {
      "name": "fashioncamp-api-test",
      "version": "1.0.0",
      "license": "ISC",
      "dependencies": {
        "dotenv": "^16.4.5"
      },
      "devDependencies": {
        "@types/k6": "^0.54.1"
      }
    },
    "node_modules/@types/k6": {
      "version": "0.54.1",
      "resolved": "https://registry.npmjs.org/@types/k6/-/k6-0.54.1.tgz",
      "integrity": "sha512-ezTMhuWr3TZIMOqAv51/4rD5T4FE1pSryrh5BCgxsniuqxbi5jQ3YEiOlO9C1+LvJcliC2byyd2Cw6cnUY7CLg==",
      "dev": true
    },
    "node_modules/dotenv": {
      "version": "16.4.5",
      "resolved": "https://registry.npmjs.org/dotenv/-/dotenv-16.4.5.tgz",
      "integrity": "sha512-ZmdL2rui+eB2YwhsWzjInR8LldtZHGDoQ1ugH85ppHKwpUHL7j7rN0Ti9NCnGiQbhaZ11FpR+7ao1dNsmduNUg==",
      "engines": {
        "node": ">=12"
      },
      "funding": {
        "url": "https://dotenvx.com"
      }
    }
  }
}
